
Microsoft Visual Studio Solution File, Format Version 12.00
# Visual Studio Version 16
VisualStudioVersion = 16.0.30225.117
MinimumVisualStudioVersion = 10.0.40219.1
Project("{FAE04EC0-301F-11D3-BF4B-00C04F79EFBC}") = "Auto_Rename_Downloaded_Files", "Auto_Rename_Downloaded_Files\Auto_Rename_Downloaded_Files.csproj", "{AF35074E-1A8F-4DBE-8AFF-87D1F47FE0BE}"
EndProject
Global
	GlobalSection(SolutionConfigurationPlatforms) = preSolution
		Debug|Any CPU = Debug|Any CPU
		Release|Any CPU = Release|Any CPU
	EndGlobalSection
	GlobalSection(ProjectConfigurationPlatforms) = postSolution
		{AF35074E-1A8F-4DBE-8AFF-87D1F47FE0BE}.Debug|Any CPU.ActiveCfg = Debug|Any CPU
		{AF35074E-1A8F-4DBE-8AFF-87D1F47FE0BE}.Debug|Any CPU.Build.0 = Debug|Any CPU
		{AF35074E-1A8F-4DBE-8AFF-87D1F47FE0BE}.Release|Any CPU.ActiveCfg = Release|Any CPU
		{AF35074E-1A8F-4DBE-8AFF-87D1F47FE0BE}.Release|Any CPU.Build.0 = Release|Any CPU
	EndGlobalSection
	GlobalSection(SolutionProperties) = preSolution
		HideSolutionNode = FALSE
	EndGlobalSection
	GlobalSection(ExtensibilityGlobals) = postSolution
		SolutionGuid = {94475167-68C8-4FEC-A1AD-13FF632049AA}
	EndGlobalSection
EndGlobal
